# THIS IS AN AUTOGENERATED FILE. DO NOT EDIT THIS FILE DIRECTLY.
# yarn lockfile v1


jexcel@^3.7.0:
  version "3.7.0"
  resolved "https://registry.yarnpkg.com/jexcel/-/jexcel-3.7.0.tgz#1e58957476f53756d7d5c4f6b09b8fa805560d77"
  integrity sha512-aDnDeqLoyeQnL27AeR2vLir7Jo2nUBlDd+utUO1h1pmoRpLrqETM6EiOpAGKBKvXH728Di9lJm4dD2KxmigTqA==
  dependencies:
    jsuites "^2.3.0"

jsuites@^2.3.0:
  version "2.5.5"
  resolved "https://registry.yarnpkg.com/jsuites/-/jsuites-2.5.5.tgz#2ccab410ce55abc7cd05e84e55fca5ce11286229"
  integrity sha512-sHegCDww5X1ZdOA3nI7CUdN57411PyukneHDuBELbLdHvO4MoOhop7jc21PzTE43kTk/jbFFTZ7QHjtCNLAU5A==
